
Microsoft Visual Studio Solution File, Format Version 12.00
# Visual Studio Version 16
VisualStudioVersion = 16.0.31410.357
MinimumVisualStudioVersion = 10.0.40219.1
Project("{9A19103F-16F7-4668-BE54-9A1E7A4F7556}") = "Test", "Test.csproj", "{D759B043-76D9-41A6-AE46-2534E4CD3528}"
EndProject
Project("{FAE04EC0-301F-11D3-BF4B-00C04F79EFBC}") = "Array", "..\Array\Array.csproj", "{166980C7-3D8B-472A-9D6E-B15CBCEA4DAC}"
EndProject
Global
	GlobalSection(SolutionConfigurationPlatforms) = preSolution
		Debug|Any CPU = Debug|Any CPU
		Release|Any CPU = Release|Any CPU
	EndGlobalSection
	GlobalSection(ProjectConfigurationPlatforms) = postSolution
		{D759B043-76D9-41A6-AE46-2534E4CD3528}.Debug|Any CPU.ActiveCfg = Debug|Any CPU
		{D759B043-76D9-41A6-AE46-2534E4CD3528}.Debug|Any CPU.Build.0 = Debug|Any CPU
		{D759B043-76D9-41A6-AE46-2534E4CD3528}.Release|Any CPU.ActiveCfg = Release|Any CPU
		{D759B043-76D9-41A6-AE46-2534E4CD3528}.Release|Any CPU.Build.0 = Release|Any CPU
		{166980C7-3D8B-472A-9D6E-B15CBCEA4DAC}.Debug|Any CPU.ActiveCfg = Debug|Any CPU
		{166980C7-3D8B-472A-9D6E-B15CBCEA4DAC}.Debug|Any CPU.Build.0 = Debug|Any CPU
		{166980C7-3D8B-472A-9D6E-B15CBCEA4DAC}.Release|Any CPU.ActiveCfg = Release|Any CPU
		{166980C7-3D8B-472A-9D6E-B15CBCEA4DAC}.Release|Any CPU.Build.0 = Release|Any CPU
	EndGlobalSection
	GlobalSection(SolutionProperties) = preSolution
		HideSolutionNode = FALSE
	EndGlobalSection
	GlobalSection(ExtensibilityGlobals) = postSolution
		SolutionGuid = {60C65CF0-F284-49B7-B9CE-E196D7D11D2A}
	EndGlobalSection
EndGlobal
